
Microsoft Visual Studio Solution File, Format Version 12.00
# Visual Studio Version 17
VisualStudioVersion = 17.5.002.0
MinimumVisualStudioVersion = 10.0.40219.1
Project("{9A19103F-16F7-4668-BE54-9A1E7A4F7556}") = "DemoMVC2", "DemoMVC2.csproj", "{86E900F8-1BE7-46C3-AFBF-11145F9BAA00}"
EndProject
Global
	GlobalSection(SolutionConfigurationPlatforms) = preSolution
		Debug|Any CPU = Debug|Any CPU
		Release|Any CPU = Release|Any CPU
	EndGlobalSection
	GlobalSection(ProjectConfigurationPlatforms) = postSolution
		{86E900F8-1BE7-46C3-AFBF-11145F9BAA00}.Debug|Any CPU.ActiveCfg = Debug|Any CPU
		{86E900F8-1BE7-46C3-AFBF-11145F9BAA00}.Debug|Any CPU.Build.0 = Debug|Any CPU
		{86E900F8-1BE7-46C3-AFBF-11145F9BAA00}.Release|Any CPU.ActiveCfg = Release|Any CPU
		{86E900F8-1BE7-46C3-AFBF-11145F9BAA00}.Release|Any CPU.Build.0 = Release|Any CPU
	EndGlobalSection
	GlobalSection(SolutionProperties) = preSolution
		HideSolutionNode = FALSE
	EndGlobalSection
	GlobalSection(ExtensibilityGlobals) = postSolution
		SolutionGuid = {BFF160B3-2295-45B1-B828-85FA6F6C75E0}
	EndGlobalSection
EndGlobal
